// !$*UTF8*$!
{
	archiveVersion = 1;
	classes = {
	};
	objectVersion = 77;
	objects = {

/* Begin PBXBuildFile section */
		697211B22DD0F58A00019BB0 /* EssentialForFeed.framework in Frameworks */ = {isa = PBXBuildFile; fileRef = 697211A72DD0F58A00019BB0 /* EssentialForFeed.framework */; };
		69DE96D22DD193F90021DB4F /* CI.framework in Frameworks */ = {isa = PBXBuildFile; fileRef = 69DE96C82DD193F80021DB4F /* CI.framework */; };
/* End PBXBuildFile section */

/* Begin PBXContainerItemProxy section */
		697211B32DD0F58A00019BB0 /* PBXContainerItemProxy */ = {
			isa = PBXContainerItemProxy;
			containerPortal = 6972119E2DD0F58A00019BB0 /* Project object */;
			proxyType = 1;
			remoteGlobalIDString = 697211A62DD0F58A00019BB0;
			remoteInfo = EssentialForFeed;
		};
		69DE96D32DD193F90021DB4F /* PBXContainerItemProxy */ = {
			isa = PBXContainerItemProxy;
			containerPortal = 6972119E2DD0F58A00019BB0 /* Project object */;
			proxyType = 1;
			remoteGlobalIDString = 69DE96C72DD193F80021DB4F;
			remoteInfo = CI;
		};
/* End PBXContainerItemProxy section */

/* Begin PBXFileReference section */
		697211A72DD0F58A00019BB0 /* EssentialForFeed.framework */ = {isa = PBXFileReference; explicitFileType = wrapper.framework; includeInIndex = 0; path = EssentialForFeed.framework; sourceTree = BUILT_PRODUCTS_DIR; };
		697211B12DD0F58A00019BB0 /* EssentialForFeedTests.xctest */ = {isa = PBXFileReference; explicitFileType = wrapper.cfbundle; includeInIndex = 0; path = EssentialForFeedTests.xctest; sourceTree = BUILT_PRODUCTS_DIR; };
		69DE96C22DD193800021DB4F /* CI.xctestplan */ = {isa = PBXFileReference; lastKnownFileType = text; path = CI.xctestplan; sourceTree = "<group>"; };
		69DE96C82DD193F80021DB4F /* CI.framework */ = {isa = PBXFileReference; explicitFileType = wrapper.framework; includeInIndex = 0; path = CI.framework; sourceTree = BUILT_PRODUCTS_DIR; };
		69DE96D12DD193F90021DB4F /* CITests.xctest */ = {isa = PBXFileReference; explicitFileType = wrapper.cfbundle; includeInIndex = 0; path = CITests.xctest; sourceTree = BUILT_PRODUCTS_DIR; };
		69DE96E02DD194490021DB4F /* EssentialForFeed.xctestplan */ = {isa = PBXFileReference; lastKnownFileType = text; path = EssentialForFeed.xctestplan; sourceTree = "<group>"; };
/* End PBXFileReference section */

/* Begin PBXFileSystemSynchronizedBuildFileExceptionSet section */
		697211B92DD0F58A00019BB0 /* Exceptions for "EssentialForFeed" folder in "EssentialForFeed" target */ = {
			isa = PBXFileSystemSynchronizedBuildFileExceptionSet;
			publicHeaders = (
				EssentialForFeed.h,
			);
			target = 697211A62DD0F58A00019BB0 /* EssentialForFeed */;
		};
/* End PBXFileSystemSynchronizedBuildFileExceptionSet section */

/* Begin PBXFileSystemSynchronizedRootGroup section */
		697211A92DD0F58A00019BB0 /* EssentialForFeed */ = {
			isa = PBXFileSystemSynchronizedRootGroup;
			exceptions = (
				697211B92DD0F58A00019BB0 /* Exceptions for "EssentialForFeed" folder in "EssentialForFeed" target */,
			);
			path = EssentialForFeed;
			sourceTree = "<group>";
		};
		697211B52DD0F58A00019BB0 /* EssentialForFeedTests */ = {
			isa = PBXFileSystemSynchronizedRootGroup;
			path = EssentialForFeedTests;
			sourceTree = "<group>";
		};
/* End PBXFileSystemSynchronizedRootGroup section */

/* Begin PBXFrameworksBuildPhase section */
		697211A42DD0F58A00019BB0 /* Frameworks */ = {
			isa = PBXFrameworksBuildPhase;
			buildActionMask = 2147483647;
			files = (
			);
			runOnlyForDeploymentPostprocessing = 0;
		};
		697211AE2DD0F58A00019BB0 /* Frameworks */ = {
			isa = PBXFrameworksBuildPhase;
			buildActionMask = 2147483647;
			files = (
				697211B22DD0F58A00019BB0 /* EssentialForFeed.framework in Frameworks */,
			);
			runOnlyForDeploymentPostprocessing = 0;
		};
		69DE96C52DD193F80021DB4F /* Frameworks */ = {
			isa = PBXFrameworksBuildPhase;
			buildActionMask = 2147483647;
			files = (
			);
			runOnlyForDeploymentPostprocessing = 0;
		};
		69DE96CE2DD193F90021DB4F /* Frameworks */ = {
			isa = PBXFrameworksBuildPhase;
			buildActionMask = 2147483647;
			files = (
				69DE96D22DD193F90021DB4F /* CI.framework in Frameworks */,
			);
			runOnlyForDeploymentPostprocessing = 0;
		};
/* End PBXFrameworksBuildPhase section */

/* Begin PBXGroup section */
		6972119D2DD0F58A00019BB0 = {
			isa = PBXGroup;
			children = (
				69DE96E02DD194490021DB4F /* EssentialForFeed.xctestplan */,
				69DE96C22DD193800021DB4F /* CI.xctestplan */,
				697211A92DD0F58A00019BB0 /* EssentialForFeed */,
				697211B52DD0F58A00019BB0 /* EssentialForFeedTests */,
				697211A82DD0F58A00019BB0 /* Products */,
			);
			sourceTree = "<group>";
		};
		697211A82DD0F58A00019BB0 /* Products */ = {
			isa = PBXGroup;
			children = (
				697211A72DD0F58A00019BB0 /* EssentialForFeed.framework */,
				697211B12DD0F58A00019BB0 /* EssentialForFeedTests.xctest */,
				69DE96C82DD193F80021DB4F /* CI.framework */,
				69DE96D12DD193F90021DB4F /* CITests.xctest */,
			);
			name = Products;
			sourceTree = "<group>";
		};
/* End PBXGroup section */

/* Begin PBXHeadersBuildPhase section */
		697211A22DD0F58A00019BB0 /* Headers */ = {
			isa = PBXHeadersBuildPhase;
			buildActionMask = 2147483647;
			files = (
			);
			runOnlyForDeploymentPostprocessing = 0;
		};
		69DE96C32DD193F80021DB4F /* Headers */ = {
			isa = PBXHeadersBuildPhase;
			buildActionMask = 2147483647;
			files = (
			);
			runOnlyForDeploymentPostprocessing = 0;
		};
/* End PBXHeadersBuildPhase section */

/* Begin PBXNativeTarget section */
		697211A62DD0F58A00019BB0 /* EssentialForFeed */ = {
			isa = PBXNativeTarget;
			buildConfigurationList = 697211BA2DD0F58A00019BB0 /* Build configuration list for PBXNativeTarget "EssentialForFeed" */;
			buildPhases = (
				697211A22DD0F58A00019BB0 /* Headers */,
				697211A32DD0F58A00019BB0 /* Sources */,
				697211A42DD0F58A00019BB0 /* Frameworks */,
				697211A52DD0F58A00019BB0 /* Resources */,
			);
			buildRules = (
			);
			dependencies = (
			);
			fileSystemSynchronizedGroups = (
				697211A92DD0F58A00019BB0 /* EssentialForFeed */,
			);
			name = EssentialForFeed;
			packageProductDependencies = (
			);
			productName = EssentialForFeed;
			productReference = 697211A72DD0F58A00019BB0 /* EssentialForFeed.framework */;
			productType = "com.apple.product-type.framework";
		};
		697211B02DD0F58A00019BB0 /* EssentialForFeedTests */ = {
			isa = PBXNativeTarget;
			buildConfigurationList = 697211BF2DD0F58A00019BB0 /* Build configuration list for PBXNativeTarget "EssentialForFeedTests" */;
			buildPhases = (
				697211AD2DD0F58A00019BB0 /* Sources */,
				697211AE2DD0F58A00019BB0 /* Frameworks */,
				697211AF2DD0F58A00019BB0 /* Resources */,
			);
			buildRules = (
			);
			dependencies = (
				697211B42DD0F58A00019BB0 /* PBXTargetDependency */,
			);
			fileSystemSynchronizedGroups = (
				697211B52DD0F58A00019BB0 /* EssentialForFeedTests */,
			);
			name = EssentialForFeedTests;
			packageProductDependencies = (
			);
			productName = EssentialForFeedTests;
			productReference = 697211B12DD0F58A00019BB0 /* EssentialForFeedTests.xctest */;
			productType = "com.apple.product-type.bundle.unit-test";
		};
		69DE96C72DD193F80021DB4F /* CI */ = {
			isa = PBXNativeTarget;
			buildConfigurationList = 69DE96DA2DD193F90021DB4F /* Build configuration list for PBXNativeTarget "CI" */;
			buildPhases = (
				69DE96C32DD193F80021DB4F /* Headers */,
				69DE96C42DD193F80021DB4F /* Sources */,
				69DE96C52DD193F80021DB4F /* Frameworks */,
				69DE96C62DD193F80021DB4F /* Resources */,
			);
			buildRules = (
			);
			dependencies = (
			);
			name = CI;
			packageProductDependencies = (
			);
			productName = CI;
			productReference = 69DE96C82DD193F80021DB4F /* CI.framework */;
			productType = "com.apple.product-type.framework";
		};
		69DE96D02DD193F90021DB4F /* CITests */ = {
			isa = PBXNativeTarget;
			buildConfigurationList = 69DE96DD2DD193F90021DB4F /* Build configuration list for PBXNativeTarget "CITests" */;
			buildPhases = (
				69DE96CD2DD193F90021DB4F /* Sources */,
				69DE96CE2DD193F90021DB4F /* Frameworks */,
				69DE96CF2DD193F90021DB4F /* Resources */,
			);
			buildRules = (
			);
			dependencies = (
				69DE96D42DD193F90021DB4F /* PBXTargetDependency */,
			);
			name = CITests;
			packageProductDependencies = (
			);
			productName = CITests;
			productReference = 69DE96D12DD193F90021DB4F /* CITests.xctest */;
			productType = "com.apple.product-type.bundle.unit-test";
		};
/* End PBXNativeTarget section */

/* Begin PBXProject section */
		6972119E2DD0F58A00019BB0 /* Project object */ = {
			isa = PBXProject;
			attributes = {
				BuildIndependentTargetsInParallel = 1;
				LastSwiftUpdateCheck = 1620;
				LastUpgradeCheck = 1620;
				TargetAttributes = {
					697211A62DD0F58A00019BB0 = {
						CreatedOnToolsVersion = 16.2;
					};
					697211B02DD0F58A00019BB0 = {
						CreatedOnToolsVersion = 16.2;
					};
					69DE96C72DD193F80021DB4F = {
						CreatedOnToolsVersion = 16.2;
					};
					69DE96D02DD193F90021DB4F = {
						CreatedOnToolsVersion = 16.2;
					};
				};
			};
			buildConfigurationList = 697211A12DD0F58A00019BB0 /* Build configuration list for PBXProject "EssentialForFeed" */;
			developmentRegion = en;
			hasScannedForEncodings = 0;
			knownRegions = (
				en,
				Base,
			);
			mainGroup = 6972119D2DD0F58A00019BB0;
			minimizedProjectReferenceProxies = 1;
			preferredProjectObjectVersion = 77;
			productRefGroup = 697211A82DD0F58A00019BB0 /* Products */;
			projectDirPath = "";
			projectRoot = "";
			targets = (
				697211A62DD0F58A00019BB0 /* EssentialForFeed */,
				697211B02DD0F58A00019BB0 /* EssentialForFeedTests */,
				69DE96C72DD193F80021DB4F /* CI */,
				69DE96D02DD193F90021DB4F /* CITests */,
			);
		};
/* End PBXProject section */

/* Begin PBXResourcesBuildPhase section */
		697211A52DD0F58A00019BB0 /* Resources */ = {
			isa = PBXResourcesBuildPhase;
			buildActionMask = 2147483647;
			files = (
			);
			runOnlyForDeploymentPostprocessing = 0;
		};
		697211AF2DD0F58A00019BB0 /* Resources */ = {
			isa = PBXResourcesBuildPhase;
			buildActionMask = 2147483647;
			files = (
			);
			runOnlyForDeploymentPostprocessing = 0;
		};
		69DE96C62DD193F80021DB4F /* Resources */ = {
			isa = PBXResourcesBuildPhase;
			buildActionMask = 2147483647;
			files = (
			);
			runOnlyForDeploymentPostprocessing = 0;
		};
		69DE96CF2DD193F90021DB4F /* Resources */ = {
			isa = PBXResourcesBuildPhase;
			buildActionMask = 2147483647;
			files = (
			);
			runOnlyForDeploymentPostprocessing = 0;
		};
/* End PBXResourcesBuildPhase section */

/* Begin PBXSourcesBuildPhase section */
		697211A32DD0F58A00019BB0 /* Sources */ = {
			isa = PBXSourcesBuildPhase;
			buildActionMask = 2147483647;
			files = (
			);
			runOnlyForDeploymentPostprocessing = 0;
		};
		697211AD2DD0F58A00019BB0 /* Sources */ = {
			isa = PBXSourcesBuildPhase;
			buildActionMask = 2147483647;
			files = (
			);
			runOnlyForDeploymentPostprocessing = 0;
		};
		69DE96C42DD193F80021DB4F /* Sources */ = {
			isa = PBXSourcesBuildPhase;
			buildActionMask = 2147483647;
			files = (
			);
			runOnlyForDeploymentPostprocessing = 0;
		};
		69DE96CD2DD193F90021DB4F /* Sources */ = {
			isa = PBXSourcesBuildPhase;
			buildActionMask = 2147483647;
			files = (
			);
			runOnlyForDeploymentPostprocessing = 0;
		};
/* End PBXSourcesBuildPhase section */

/* Begin PBXTargetDependency section */
		697211B42DD0F58A00019BB0 /* PBXTargetDependency */ = {
			isa = PBXTargetDependency;
			target = 697211A62DD0F58A00019BB0 /* EssentialForFeed */;
			targetProxy = 697211B32DD0F58A00019BB0 /* PBXContainerItemProxy */;
		};
		69DE96D42DD193F90021DB4F /* PBXTargetDependency */ = {
			isa = PBXTargetDependency;
			target = 69DE96C72DD193F80021DB4F /* CI */;
			targetProxy = 69DE96D32DD193F90021DB4F /* PBXContainerItemProxy */;
		};
/* End PBXTargetDependency section */

/* Begin XCBuildConfiguration section */
		697211BB2DD0F58A00019BB0 /* Debug */ = {
			isa = XCBuildConfiguration;
			buildSettings = {
				BUILD_LIBRARY_FOR_DISTRIBUTION = YES;
				CODE_SIGN_STYLE = Automatic;
				COMBINE_HIDPI_IMAGES = YES;
				CURRENT_PROJECT_VERSION = 1;
				DEFINES_MODULE = YES;
				DEVELOPMENT_TEAM = 9G888JR76L;
				DYLIB_COMPATIBILITY_VERSION = 1;
				DYLIB_CURRENT_VERSION = 1;
				DYLIB_INSTALL_NAME_BASE = "@rpath";
				ENABLE_MODULE_VERIFIER = YES;
				GENERATE_INFOPLIST_FILE = YES;
				INFOPLIST_KEY_NSHumanReadableCopyright = "";
				INSTALL_PATH = "$(LOCAL_LIBRARY_DIR)/Frameworks";
				LD_RUNPATH_SEARCH_PATHS = (
					"$(inherited)",
					"@executable_path/../Frameworks",
					"@loader_path/Frameworks",
				);
				MARKETING_VERSION = 1.0;
				MODULE_VERIFIER_SUPPORTED_LANGUAGES = "objective-c objective-c++";
				MODULE_VERIFIER_SUPPORTED_LANGUAGE_STANDARDS = "gnu17 gnu++20";
				PRODUCT_BUNDLE_IDENTIFIER = com.jairramirezgaston.EssentialForFeed;
				PRODUCT_NAME = "$(TARGET_NAME:c99extidentifier)";
				SKIP_INSTALL = YES;
				SWIFT_EMIT_LOC_STRINGS = YES;
				SWIFT_INSTALL_OBJC_HEADER = NO;
				SWIFT_VERSION = 5.0;
			};
			name = Debug;
		};
		697211BC2DD0F58A00019BB0 /* Release */ = {
			isa = XCBuildConfiguration;
			buildSettings = {
				BUILD_LIBRARY_FOR_DISTRIBUTION = YES;
				CODE_SIGN_STYLE = Automatic;
				COMBINE_HIDPI_IMAGES = YES;
				CURRENT_PROJECT_VERSION = 1;
				DEFINES_MODULE = YES;
				DEVELOPMENT_TEAM = 9G888JR76L;
				DYLIB_COMPATIBILITY_VERSION = 1;
				DYLIB_CURRENT_VERSION = 1;
				DYLIB_INSTALL_NAME_BASE = "@rpath";
				ENABLE_MODULE_VERIFIER = YES;
				GENERATE_INFOPLIST_FILE = YES;
				INFOPLIST_KEY_NSHumanReadableCopyright = "";
				INSTALL_PATH = "$(LOCAL_LIBRARY_DIR)/Frameworks";
				LD_RUNPATH_SEARCH_PATHS = (
					"$(inherited)",
					"@executable_path/../Frameworks",
					"@loader_path/Frameworks",
				);
				MARKETING_VERSION = 1.0;
				MODULE_VERIFIER_SUPPORTED_LANGUAGES = "objective-c objective-c++";
				MODULE_VERIFIER_SUPPORTED_LANGUAGE_STANDARDS = "gnu17 gnu++20";
				PRODUCT_BUNDLE_IDENTIFIER = com.jairramirezgaston.EssentialForFeed;
				PRODUCT_NAME = "$(TARGET_NAME:c99extidentifier)";
				SKIP_INSTALL = YES;
				SWIFT_EMIT_LOC_STRINGS = YES;
				SWIFT_INSTALL_OBJC_HEADER = NO;
				SWIFT_VERSION = 5.0;
			};
			name = Release;
		};
		697211BD2DD0F58A00019BB0 /* Debug */ = {
			isa = XCBuildConfiguration;
			buildSettings = {
				ALWAYS_SEARCH_USER_PATHS = NO;
				ASSETCATALOG_COMPILER_GENERATE_SWIFT_ASSET_SYMBOL_EXTENSIONS = YES;
				CLANG_ANALYZER_NONNULL = YES;
				CLANG_ANALYZER_NUMBER_OBJECT_CONVERSION = YES_AGGRESSIVE;
				CLANG_CXX_LANGUAGE_STANDARD = "gnu++20";
				CLANG_ENABLE_MODULES = YES;
				CLANG_ENABLE_OBJC_ARC = YES;
				CLANG_ENABLE_OBJC_WEAK = YES;
				CLANG_WARN_BLOCK_CAPTURE_AUTORELEASING = YES;
				CLANG_WARN_BOOL_CONVERSION = YES;
				CLANG_WARN_COMMA = YES;
				CLANG_WARN_CONSTANT_CONVERSION = YES;
				CLANG_WARN_DEPRECATED_OBJC_IMPLEMENTATIONS = YES;
				CLANG_WARN_DIRECT_OBJC_ISA_USAGE = YES_ERROR;
				CLANG_WARN_DOCUMENTATION_COMMENTS = YES;
				CLANG_WARN_EMPTY_BODY = YES;
				CLANG_WARN_ENUM_CONVERSION = YES;
				CLANG_WARN_INFINITE_RECURSION = YES;
				CLANG_WARN_INT_CONVERSION = YES;
				CLANG_WARN_NON_LITERAL_NULL_CONVERSION = YES;
				CLANG_WARN_OBJC_IMPLICIT_RETAIN_SELF = YES;
				CLANG_WARN_OBJC_LITERAL_CONVERSION = YES;
				CLANG_WARN_OBJC_ROOT_CLASS = YES_ERROR;
				CLANG_WARN_QUOTED_INCLUDE_IN_FRAMEWORK_HEADER = YES;
				CLANG_WARN_RANGE_LOOP_ANALYSIS = YES;
				CLANG_WARN_STRICT_PROTOTYPES = YES;
				CLANG_WARN_SUSPICIOUS_MOVE = YES;
				CLANG_WARN_UNGUARDED_AVAILABILITY = YES_AGGRESSIVE;
				CLANG_WARN_UNREACHABLE_CODE = YES;
				CLANG_WARN__DUPLICATE_METHOD_MATCH = YES;
				COPY_PHASE_STRIP = NO;
				CURRENT_PROJECT_VERSION = 1;
				DEBUG_INFORMATION_FORMAT = dwarf;
				ENABLE_STRICT_OBJC_MSGSEND = YES;
				ENABLE_TESTABILITY = YES;
				ENABLE_USER_SCRIPT_SANDBOXING = YES;
				GCC_C_LANGUAGE_STANDARD = gnu17;
				GCC_DYNAMIC_NO_PIC = NO;
				GCC_NO_COMMON_BLOCKS = YES;
				GCC_OPTIMIZATION_LEVEL = 0;
				GCC_PREPROCESSOR_DEFINITIONS = (
					"DEBUG=1",
					"$(inherited)",
				);
				GCC_WARN_64_TO_32_BIT_CONVERSION = YES;
				GCC_WARN_ABOUT_RETURN_TYPE = YES_ERROR;
				GCC_WARN_UNDECLARED_SELECTOR = YES;
				GCC_WARN_UNINITIALIZED_AUTOS = YES_AGGRESSIVE;
				GCC_WARN_UNUSED_FUNCTION = YES;
				GCC_WARN_UNUSED_VARIABLE = YES;
				LOCALIZATION_PREFERS_STRING_CATALOGS = YES;
				MACOSX_DEPLOYMENT_TARGET = 15.2;
				MTL_ENABLE_DEBUG_INFO = INCLUDE_SOURCE;
				MTL_FAST_MATH = YES;
				ONLY_ACTIVE_ARCH = YES;
				SDKROOT = macosx;
				SWIFT_ACTIVE_COMPILATION_CONDITIONS = "DEBUG $(inherited)";
				SWIFT_OPTIMIZATION_LEVEL = "-Onone";
				VERSIONING_SYSTEM = "apple-generic";
				VERSION_INFO_PREFIX = "";
			};
			name = Debug;
		};
		697211BE2DD0F58A00019BB0 /* Release */ = {
			isa = XCBuildConfiguration;
			buildSettings = {
				ALWAYS_SEARCH_USER_PATHS = NO;
				ASSETCATALOG_COMPILER_GENERATE_SWIFT_ASSET_SYMBOL_EXTENSIONS = YES;
				CLANG_ANALYZER_NONNULL = YES;
				CLANG_ANALYZER_NUMBER_OBJECT_CONVERSION = YES_AGGRESSIVE;
				CLANG_CXX_LANGUAGE_STANDARD = "gnu++20";
				CLANG_ENABLE_MODULES = YES;
				CLANG_ENABLE_OBJC_ARC = YES;
				CLANG_ENABLE_OBJC_WEAK = YES;
				CLANG_WARN_BLOCK_CAPTURE_AUTORELEASING = YES;
				CLANG_WARN_BOOL_CONVERSION = YES;
				CLANG_WARN_COMMA = YES;
				CLANG_WARN_CONSTANT_CONVERSION = YES;
				CLANG_WARN_DEPRECATED_OBJC_IMPLEMENTATIONS = YES;
				CLANG_WARN_DIRECT_OBJC_ISA_USAGE = YES_ERROR;
				CLANG_WARN_DOCUMENTATION_COMMENTS = YES;
				CLANG_WARN_EMPTY_BODY = YES;
				CLANG_WARN_ENUM_CONVERSION = YES;
				CLANG_WARN_INFINITE_RECURSION = YES;
				CLANG_WARN_INT_CONVERSION = YES;
				CLANG_WARN_NON_LITERAL_NULL_CONVERSION = YES;
				CLANG_WARN_OBJC_IMPLICIT_RETAIN_SELF = YES;
				CLANG_WARN_OBJC_LITERAL_CONVERSION = YES;
				CLANG_WARN_OBJC_ROOT_CLASS = YES_ERROR;
				CLANG_WARN_QUOTED_INCLUDE_IN_FRAMEWORK_HEADER = YES;
				CLANG_WARN_RANGE_LOOP_ANALYSIS = YES;
				CLANG_WARN_STRICT_PROTOTYPES = YES;
				CLANG_WARN_SUSPICIOUS_MOVE = YES;
				CLANG_WARN_UNGUARDED_AVAILABILITY = YES_AGGRESSIVE;
				CLANG_WARN_UNREACHABLE_CODE = YES;
				CLANG_WARN__DUPLICATE_METHOD_MATCH = YES;
				COPY_PHASE_STRIP = NO;
				CURRENT_PROJECT_VERSION = 1;
				DEBUG_INFORMATION_FORMAT = "dwarf-with-dsym";
				ENABLE_NS_ASSERTIONS = NO;
				ENABLE_STRICT_OBJC_MSGSEND = YES;
				ENABLE_USER_SCRIPT_SANDBOXING = YES;
				GCC_C_LANGUAGE_STANDARD = gnu17;
				GCC_NO_COMMON_BLOCKS = YES;
				GCC_WARN_64_TO_32_BIT_CONVERSION = YES;
				GCC_WARN_ABOUT_RETURN_TYPE = YES_ERROR;
				GCC_WARN_UNDECLARED_SELECTOR = YES;
				GCC_WARN_UNINITIALIZED_AUTOS = YES_AGGRESSIVE;
				GCC_WARN_UNUSED_FUNCTION = YES;
				GCC_WARN_UNUSED_VARIABLE = YES;
				LOCALIZATION_PREFERS_STRING_CATALOGS = YES;
				MACOSX_DEPLOYMENT_TARGET = 15.2;
				MTL_ENABLE_DEBUG_INFO = NO;
				MTL_FAST_MATH = YES;
				SDKROOT = macosx;
				SWIFT_COMPILATION_MODE = wholemodule;
				VERSIONING_SYSTEM = "apple-generic";
				VERSION_INFO_PREFIX = "";
			};
			name = Release;
		};
		697211C02DD0F58A00019BB0 /* Debug */ = {
			isa = XCBuildConfiguration;
			buildSettings = {
				CODE_SIGN_STYLE = Automatic;
				CURRENT_PROJECT_VERSION = 1;
				DEVELOPMENT_TEAM = 9G888JR76L;
				GENERATE_INFOPLIST_FILE = YES;
				MARKETING_VERSION = 1.0;
				PRODUCT_BUNDLE_IDENTIFIER = com.jairramirezgaston.EssentialForFeedTests;
				PRODUCT_NAME = "$(TARGET_NAME)";
				SWIFT_EMIT_LOC_STRINGS = NO;
				SWIFT_VERSION = 5.0;
			};
			name = Debug;
		};
		697211C12DD0F58A00019BB0 /* Release */ = {
			isa = XCBuildConfiguration;
			buildSettings = {
				CODE_SIGN_STYLE = Automatic;
				CURRENT_PROJECT_VERSION = 1;
				DEVELOPMENT_TEAM = 9G888JR76L;
				GENERATE_INFOPLIST_FILE = YES;
				MARKETING_VERSION = 1.0;
				PRODUCT_BUNDLE_IDENTIFIER = com.jairramirezgaston.EssentialForFeedTests;
				PRODUCT_NAME = "$(TARGET_NAME)";
				SWIFT_EMIT_LOC_STRINGS = NO;
				SWIFT_VERSION = 5.0;
			};
			name = Release;
		};
		69DE96DB2DD193F90021DB4F /* Debug */ = {
			isa = XCBuildConfiguration;
			buildSettings = {
				BUILD_LIBRARY_FOR_DISTRIBUTION = YES;
				CODE_SIGN_STYLE = Automatic;
				COMBINE_HIDPI_IMAGES = YES;
				CURRENT_PROJECT_VERSION = 1;
				DEFINES_MODULE = YES;
				DEVELOPMENT_TEAM = 9G888JR76L;
				DYLIB_COMPATIBILITY_VERSION = 1;
				DYLIB_CURRENT_VERSION = 1;
				DYLIB_INSTALL_NAME_BASE = "@rpath";
				ENABLE_MODULE_VERIFIER = YES;
				GENERATE_INFOPLIST_FILE = YES;
				INFOPLIST_KEY_NSHumanReadableCopyright = "";
				INSTALL_PATH = "$(LOCAL_LIBRARY_DIR)/Frameworks";
				LD_RUNPATH_SEARCH_PATHS = (
					"$(inherited)",
					"@executable_path/../Frameworks",
					"@loader_path/Frameworks",
				);
				MARKETING_VERSION = 1.0;
				MODULE_VERIFIER_SUPPORTED_LANGUAGES = "objective-c objective-c++";
				MODULE_VERIFIER_SUPPORTED_LANGUAGE_STANDARDS = "gnu17 gnu++20";
				PRODUCT_BUNDLE_IDENTIFIER = com.jairramirezgaston.CI;
				PRODUCT_NAME = "$(TARGET_NAME:c99extidentifier)";
				SKIP_INSTALL = YES;
				SWIFT_EMIT_LOC_STRINGS = YES;
				SWIFT_INSTALL_OBJC_HEADER = NO;
				SWIFT_VERSION = 5.0;
			};
			name = Debug;
		};
		69DE96DC2DD193F90021DB4F /* Release */ = {
			isa = XCBuildConfiguration;
			buildSettings = {
				BUILD_LIBRARY_FOR_DISTRIBUTION = YES;
				CODE_SIGN_STYLE = Automatic;
				COMBINE_HIDPI_IMAGES = YES;
				CURRENT_PROJECT_VERSION = 1;
				DEFINES_MODULE = YES;
				DEVELOPMENT_TEAM = 9G888JR76L;
				DYLIB_COMPATIBILITY_VERSION = 1;
				DYLIB_CURRENT_VERSION = 1;
				DYLIB_INSTALL_NAME_BASE = "@rpath";
				ENABLE_MODULE_VERIFIER = YES;
				GENERATE_INFOPLIST_FILE = YES;
				INFOPLIST_KEY_NSHumanReadableCopyright = "";
				INSTALL_PATH = "$(LOCAL_LIBRARY_DIR)/Frameworks";
				LD_RUNPATH_SEARCH_PATHS = (
					"$(inherited)",
					"@executable_path/../Frameworks",
					"@loader_path/Frameworks",
				);
				MARKETING_VERSION = 1.0;
				MODULE_VERIFIER_SUPPORTED_LANGUAGES = "objective-c objective-c++";
				MODULE_VERIFIER_SUPPORTED_LANGUAGE_STANDARDS = "gnu17 gnu++20";
				PRODUCT_BUNDLE_IDENTIFIER = com.jairramirezgaston.CI;
				PRODUCT_NAME = "$(TARGET_NAME:c99extidentifier)";
				SKIP_INSTALL = YES;
				SWIFT_EMIT_LOC_STRINGS = YES;
				SWIFT_INSTALL_OBJC_HEADER = NO;
				SWIFT_VERSION = 5.0;
			};
			name = Release;
		};
		69DE96DE2DD193F90021DB4F /* Debug */ = {
			isa = XCBuildConfiguration;
			buildSettings = {
				CODE_SIGN_STYLE = Automatic;
				CURRENT_PROJECT_VERSION = 1;
				DEVELOPMENT_TEAM = 9G888JR76L;
				GENERATE_INFOPLIST_FILE = YES;
				MARKETING_VERSION = 1.0;
				PRODUCT_BUNDLE_IDENTIFIER = com.jairramirezgaston.CITests;
				PRODUCT_NAME = "$(TARGET_NAME)";
				SWIFT_EMIT_LOC_STRINGS = NO;
				SWIFT_VERSION = 5.0;
			};
			name = Debug;
		};
		69DE96DF2DD193F90021DB4F /* Release */ = {
			isa = XCBuildConfiguration;
			buildSettings = {
				CODE_SIGN_STYLE = Automatic;
				CURRENT_PROJECT_VERSION = 1;
				DEVELOPMENT_TEAM = 9G888JR76L;
				GENERATE_INFOPLIST_FILE = YES;
				MARKETING_VERSION = 1.0;
				PRODUCT_BUNDLE_IDENTIFIER = com.jairramirezgaston.CITests;
				PRODUCT_NAME = "$(TARGET_NAME)";
				SWIFT_EMIT_LOC_STRINGS = NO;
				SWIFT_VERSION = 5.0;
			};
			name = Release;
		};
/* End XCBuildConfiguration section */

/* Begin XCConfigurationList section */
		697211A12DD0F58A00019BB0 /* Build configuration list for PBXProject "EssentialForFeed" */ = {
			isa = XCConfigurationList;
			buildConfigurations = (
				697211BD2DD0F58A00019BB0 /* Debug */,
				697211BE2DD0F58A00019BB0 /* Release */,
			);
			defaultConfigurationIsVisible = 0;
			defaultConfigurationName = Release;
		};
		697211BA2DD0F58A00019BB0 /* Build configuration list for PBXNativeTarget "EssentialForFeed" */ = {
			isa = XCConfigurationList;
			buildConfigurations = (
				697211BB2DD0F58A00019BB0 /* Debug */,
				697211BC2DD0F58A00019BB0 /* Release */,
			);
			defaultConfigurationIsVisible = 0;
			defaultConfigurationName = Release;
		};
		697211BF2DD0F58A00019BB0 /* Build configuration list for PBXNativeTarget "EssentialForFeedTests" */ = {
			isa = XCConfigurationList;
			buildConfigurations = (
				697211C02DD0F58A00019BB0 /* Debug */,
				697211C12DD0F58A00019BB0 /* Release */,
			);
			defaultConfigurationIsVisible = 0;
			defaultConfigurationName = Release;
		};
		69DE96DA2DD193F90021DB4F /* Build configuration list for PBXNativeTarget "CI" */ = {
			isa = XCConfigurationList;
			buildConfigurations = (
				69DE96DB2DD193F90021DB4F /* Debug */,
				69DE96DC2DD193F90021DB4F /* Release */,
			);
			defaultConfigurationIsVisible = 0;
			defaultConfigurationName = Release;
		};
		69DE96DD2DD193F90021DB4F /* Build configuration list for PBXNativeTarget "CITests" */ = {
			isa = XCConfigurationList;
			buildConfigurations = (
				69DE96DE2DD193F90021DB4F /* Debug */,
				69DE96DF2DD193F90021DB4F /* Release */,
			);
			defaultConfigurationIsVisible = 0;
			defaultConfigurationName = Release;
		};
/* End XCConfigurationList section */
	};
	rootObject = 6972119E2DD0F58A00019BB0 /* Project object */;
}
